
Microsoft Visual Studio Solution File, Format Version 12.00
# Visual Studio Version 17
VisualStudioVersion = 17.6.33723.286
MinimumVisualStudioVersion = 10.0.40219.1
Project("{FAE04EC0-301F-11D3-BF4B-00C04F79EFBC}") = "OrderTrackAPI", "OrderTrackAPI\OrderTrackAPI.csproj", "{916F68AC-4029-4CB0-8C2B-8EA36FE27B43}"
EndProject
Global
	GlobalSection(SolutionConfigurationPlatforms) = preSolution
		Debug|Any CPU = Debug|Any CPU
		Release|Any CPU = Release|Any CPU
	EndGlobalSection
	GlobalSection(ProjectConfigurationPlatforms) = postSolution
		{916F68AC-4029-4CB0-8C2B-8EA36FE27B43}.Debug|Any CPU.ActiveCfg = Debug|Any CPU
		{916F68AC-4029-4CB0-8C2B-8EA36FE27B43}.Debug|Any CPU.Build.0 = Debug|Any CPU
		{916F68AC-4029-4CB0-8C2B-8EA36FE27B43}.Release|Any CPU.ActiveCfg = Release|Any CPU
		{916F68AC-4029-4CB0-8C2B-8EA36FE27B43}.Release|Any CPU.Build.0 = Release|Any CPU
	EndGlobalSection
	GlobalSection(SolutionProperties) = preSolution
		HideSolutionNode = FALSE
	EndGlobalSection
	GlobalSection(ExtensibilityGlobals) = postSolution
		SolutionGuid = {FDC1D51D-1627-4B51-88B1-7B4950427175}
	EndGlobalSection
EndGlobal
